// !$*UTF8*$!
{
	archiveVersion = 1;
	classes = {
	};
	objectVersion = 56;
	objects = {

/* Begin PBXBuildFile section */
		844D70FF2A6C0BCE00CA52AB /* StartViewController.swift in Sources */ = {isa = PBXBuildFile; fileRef = 844D70FE2A6C0BCE00CA52AB /* StartViewController.swift */; };
		84C51A642A3C43D10079E664 /* AppDelegate.swift in Sources */ = {isa = PBXBuildFile; fileRef = 84C51A632A3C43D10079E664 /* AppDelegate.swift */; };
		84C51A662A3C43D10079E664 /* SceneDelegate.swift in Sources */ = {isa = PBXBuildFile; fileRef = 84C51A652A3C43D10079E664 /* SceneDelegate.swift */; };
		84C51A682A3C43D10079E664 /* ViewController.swift in Sources */ = {isa = PBXBuildFile; fileRef = 84C51A672A3C43D10079E664 /* ViewController.swift */; };
		84C51A6D2A3C43D30079E664 /* Assets.xcassets in Resources */ = {isa = PBXBuildFile; fileRef = 84C51A6C2A3C43D30079E664 /* Assets.xcassets */; };
		84C51A702A3C43D30079E664 /* LaunchScreen.storyboard in Resources */ = {isa = PBXBuildFile; fileRef = 84C51A6E2A3C43D30079E664 /* LaunchScreen.storyboard */; };
		84F02B5D2A555546009FA71F /* fruitsAndVegetables.txt in Resources */ = {isa = PBXBuildFile; fileRef = 84F02B5C2A555546009FA71F /* fruitsAndVegetables.txt */; };
		84FD41FC2A6A60E900DEB908 /* SnapKit in Frameworks */ = {isa = PBXBuildFile; productRef = 84FD41FB2A6A60E900DEB908 /* SnapKit */; };
/* End PBXBuildFile section */

/* Begin PBXFileReference section */
		844D70FE2A6C0BCE00CA52AB /* StartViewController.swift */ = {isa = PBXFileReference; lastKnownFileType = sourcecode.swift; path = StartViewController.swift; sourceTree = "<group>"; };
		84C51A602A3C43D10079E664 /*  Projects 7-9.app */ = {isa = PBXFileReference; explicitFileType = wrapper.application; includeInIndex = 0; path = " Projects 7-9.app"; sourceTree = BUILT_PRODUCTS_DIR; };
		84C51A632A3C43D10079E664 /* AppDelegate.swift */ = {isa = PBXFileReference; lastKnownFileType = sourcecode.swift; path = AppDelegate.swift; sourceTree = "<group>"; };
		84C51A652A3C43D10079E664 /* SceneDelegate.swift */ = {isa = PBXFileReference; lastKnownFileType = sourcecode.swift; path = SceneDelegate.swift; sourceTree = "<group>"; };
		84C51A672A3C43D10079E664 /* ViewController.swift */ = {isa = PBXFileReference; lastKnownFileType = sourcecode.swift; path = ViewController.swift; sourceTree = "<group>"; };
		84C51A6C2A3C43D30079E664 /* Assets.xcassets */ = {isa = PBXFileReference; lastKnownFileType = folder.assetcatalog; path = Assets.xcassets; sourceTree = "<group>"; };
		84C51A6F2A3C43D30079E664 /* Base */ = {isa = PBXFileReference; lastKnownFileType = file.storyboard; name = Base; path = Base.lproj/LaunchScreen.storyboard; sourceTree = "<group>"; };
		84C51A712A3C43D30079E664 /* Info.plist */ = {isa = PBXFileReference; lastKnownFileType = text.plist.xml; path = Info.plist; sourceTree = "<group>"; };
		84F02B5C2A555546009FA71F /* fruitsAndVegetables.txt */ = {isa = PBXFileReference; fileEncoding = 4; lastKnownFileType = text; path = fruitsAndVegetables.txt; sourceTree = "<group>"; };
/* End PBXFileReference section */

/* Begin PBXFrameworksBuildPhase section */
		84C51A5D2A3C43D10079E664 /* Frameworks */ = {
			isa = PBXFrameworksBuildPhase;
			buildActionMask = 2147483647;
			files = (
				84FD41FC2A6A60E900DEB908 /* SnapKit in Frameworks */,
			);
			runOnlyForDeploymentPostprocessing = 0;
		};
/* End PBXFrameworksBuildPhase section */

/* Begin PBXGroup section */
		84C51A572A3C43D10079E664 = {
			isa = PBXGroup;
			children = (
				84C51A622A3C43D10079E664 /*  Projects 7-9 */,
				84C51A612A3C43D10079E664 /* Products */,
			);
			sourceTree = "<group>";
		};
		84C51A612A3C43D10079E664 /* Products */ = {
			isa = PBXGroup;
			children = (
				84C51A602A3C43D10079E664 /*  Projects 7-9.app */,
			);
			name = Products;
			sourceTree = "<group>";
		};
		84C51A622A3C43D10079E664 /*  Projects 7-9 */ = {
			isa = PBXGroup;
			children = (
				84C51A632A3C43D10079E664 /* AppDelegate.swift */,
				84C51A652A3C43D10079E664 /* SceneDelegate.swift */,
				84C51A672A3C43D10079E664 /* ViewController.swift */,
				844D70FE2A6C0BCE00CA52AB /* StartViewController.swift */,
				84C51A6C2A3C43D30079E664 /* Assets.xcassets */,
				84C51A6E2A3C43D30079E664 /* LaunchScreen.storyboard */,
				84C51A712A3C43D30079E664 /* Info.plist */,
				84F02B5C2A555546009FA71F /* fruitsAndVegetables.txt */,
			);
			path = " Projects 7-9";
			sourceTree = "<group>";
		};
/* End PBXGroup section */

/* Begin PBXNativeTarget section */
		84C51A5F2A3C43D10079E664 /*  Projects 7-9 */ = {
			isa = PBXNativeTarget;
			buildConfigurationList = 84C51A742A3C43D30079E664 /* Build configuration list for PBXNativeTarget " Projects 7-9" */;
			buildPhases = (
				84C51A5C2A3C43D10079E664 /* Sources */,
				84C51A5D2A3C43D10079E664 /* Frameworks */,
				84C51A5E2A3C43D10079E664 /* Resources */,
			);
			buildRules = (
			);
			dependencies = (
			);
			name = " Projects 7-9";
			packageProductDependencies = (
				84FD41FB2A6A60E900DEB908 /* SnapKit */,
			);
			productName = " Projects 7-9";
			productReference = 84C51A602A3C43D10079E664 /*  Projects 7-9.app */;
			productType = "com.apple.product-type.application";
		};
/* End PBXNativeTarget section */

/* Begin PBXProject section */
		84C51A582A3C43D10079E664 /* Project object */ = {
			isa = PBXProject;
			attributes = {
				BuildIndependentTargetsInParallel = 1;
				LastSwiftUpdateCheck = 1420;
				LastUpgradeCheck = 1420;
				TargetAttributes = {
					84C51A5F2A3C43D10079E664 = {
						CreatedOnToolsVersion = 14.2;
					};
				};
			};
			buildConfigurationList = 84C51A5B2A3C43D10079E664 /* Build configuration list for PBXProject " Projects 7-9" */;
			compatibilityVersion = "Xcode 14.0";
			developmentRegion = en;
			hasScannedForEncodings = 0;
			knownRegions = (
				en,
				Base,
			);
			mainGroup = 84C51A572A3C43D10079E664;
			packageReferences = (
				84FD41FA2A6A60E900DEB908 /* XCRemoteSwiftPackageReference "SnapKit" */,
			);
			productRefGroup = 84C51A612A3C43D10079E664 /* Products */;
			projectDirPath = "";
			projectRoot = "";
			targets = (
				84C51A5F2A3C43D10079E664 /*  Projects 7-9 */,
			);
		};
/* End PBXProject section */

/* Begin PBXResourcesBuildPhase section */
		84C51A5E2A3C43D10079E664 /* Resources */ = {
			isa = PBXResourcesBuildPhase;
			buildActionMask = 2147483647;
			files = (
				84F02B5D2A555546009FA71F /* fruitsAndVegetables.txt in Resources */,
				84C51A702A3C43D30079E664 /* LaunchScreen.storyboard in Resources */,
				84C51A6D2A3C43D30079E664 /* Assets.xcassets in Resources */,
			);
			runOnlyForDeploymentPostprocessing = 0;
		};
/* End PBXResourcesBuildPhase section */

/* Begin PBXSourcesBuildPhase section */
		84C51A5C2A3C43D10079E664 /* Sources */ = {
			isa = PBXSourcesBuildPhase;
			buildActionMask = 2147483647;
			files = (
				84C51A682A3C43D10079E664 /* ViewController.swift in Sources */,
				844D70FF2A6C0BCE00CA52AB /* StartViewController.swift in Sources */,
				84C51A642A3C43D10079E664 /* AppDelegate.swift in Sources */,
				84C51A662A3C43D10079E664 /* SceneDelegate.swift in Sources */,
			);
			runOnlyForDeploymentPostprocessing = 0;
		};
/* End PBXSourcesBuildPhase section */

/* Begin PBXVariantGroup section */
		84C51A6E2A3C43D30079E664 /* LaunchScreen.storyboard */ = {
			isa = PBXVariantGroup;
			children = (
				84C51A6F2A3C43D30079E664 /* Base */,
			);
			name = LaunchScreen.storyboard;
			sourceTree = "<group>";
		};
/* End PBXVariantGroup section */

/* Begin XCBuildConfiguration section */
		84C51A722A3C43D30079E664 /* Debug */ = {
			isa = XCBuildConfiguration;
			buildSettings = {
				ALWAYS_SEARCH_USER_PATHS = NO;
				CLANG_ANALYZER_NONNULL = YES;
				CLANG_ANALYZER_NUMBER_OBJECT_CONVERSION = YES_AGGRESSIVE;
				CLANG_CXX_LANGUAGE_STANDARD = "gnu++20";
				CLANG_ENABLE_MODULES = YES;
				CLANG_ENABLE_OBJC_ARC = YES;
				CLANG_ENABLE_OBJC_WEAK = YES;
				CLANG_WARN_BLOCK_CAPTURE_AUTORELEASING = YES;
				CLANG_WARN_BOOL_CONVERSION = YES;
				CLANG_WARN_COMMA = YES;
				CLANG_WARN_CONSTANT_CONVERSION = YES;
				CLANG_WARN_DEPRECATED_OBJC_IMPLEMENTATIONS = YES;
				CLANG_WARN_DIRECT_OBJC_ISA_USAGE = YES_ERROR;
				CLANG_WARN_DOCUMENTATION_COMMENTS = YES;
				CLANG_WARN_EMPTY_BODY = YES;
				CLANG_WARN_ENUM_CONVERSION = YES;
				CLANG_WARN_INFINITE_RECURSION = YES;
				CLANG_WARN_INT_CONVERSION = YES;
				CLANG_WARN_NON_LITERAL_NULL_CONVERSION = YES;
				CLANG_WARN_OBJC_IMPLICIT_RETAIN_SELF = YES;
				CLANG_WARN_OBJC_LITERAL_CONVERSION = YES;
				CLANG_WARN_OBJC_ROOT_CLASS = YES_ERROR;
				CLANG_WARN_QUOTED_INCLUDE_IN_FRAMEWORK_HEADER = YES;
				CLANG_WARN_RANGE_LOOP_ANALYSIS = YES;
				CLANG_WARN_STRICT_PROTOTYPES = YES;
				CLANG_WARN_SUSPICIOUS_MOVE = YES;
				CLANG_WARN_UNGUARDED_AVAILABILITY = YES_AGGRESSIVE;
				CLANG_WARN_UNREACHABLE_CODE = YES;
				CLANG_WARN__DUPLICATE_METHOD_MATCH = YES;
				COPY_PHASE_STRIP = NO;
				DEBUG_INFORMATION_FORMAT = dwarf;
				ENABLE_STRICT_OBJC_MSGSEND = YES;
				ENABLE_TESTABILITY = YES;
				GCC_C_LANGUAGE_STANDARD = gnu11;
				GCC_DYNAMIC_NO_PIC = NO;
				GCC_NO_COMMON_BLOCKS = YES;
				GCC_OPTIMIZATION_LEVEL = 0;
				GCC_PREPROCESSOR_DEFINITIONS = (
					"DEBUG=1",
					"$(inherited)",
				);
				GCC_WARN_64_TO_32_BIT_CONVERSION = YES;
				GCC_WARN_ABOUT_RETURN_TYPE = YES_ERROR;
				GCC_WARN_UNDECLARED_SELECTOR = YES;
				GCC_WARN_UNINITIALIZED_AUTOS = YES_AGGRESSIVE;
				GCC_WARN_UNUSED_FUNCTION = YES;
				GCC_WARN_UNUSED_VARIABLE = YES;
				IPHONEOS_DEPLOYMENT_TARGET = 16.2;
				MTL_ENABLE_DEBUG_INFO = INCLUDE_SOURCE;
				MTL_FAST_MATH = YES;
				ONLY_ACTIVE_ARCH = YES;
				SDKROOT = iphoneos;
				SWIFT_ACTIVE_COMPILATION_CONDITIONS = DEBUG;
				SWIFT_OPTIMIZATION_LEVEL = "-Onone";
			};
			name = Debug;
		};
		84C51A732A3C43D30079E664 /* Release */ = {
			isa = XCBuildConfiguration;
			buildSettings = {
				ALWAYS_SEARCH_USER_PATHS = NO;
				CLANG_ANALYZER_NONNULL = YES;
				CLANG_ANALYZER_NUMBER_OBJECT_CONVERSION = YES_AGGRESSIVE;
				CLANG_CXX_LANGUAGE_STANDARD = "gnu++20";
				CLANG_ENABLE_MODULES = YES;
				CLANG_ENABLE_OBJC_ARC = YES;
				CLANG_ENABLE_OBJC_WEAK = YES;
				CLANG_WARN_BLOCK_CAPTURE_AUTORELEASING = YES;
				CLANG_WARN_BOOL_CONVERSION = YES;
				CLANG_WARN_COMMA = YES;
				CLANG_WARN_CONSTANT_CONVERSION = YES;
				CLANG_WARN_DEPRECATED_OBJC_IMPLEMENTATIONS = YES;
				CLANG_WARN_DIRECT_OBJC_ISA_USAGE = YES_ERROR;
				CLANG_WARN_DOCUMENTATION_COMMENTS = YES;
				CLANG_WARN_EMPTY_BODY = YES;
				CLANG_WARN_ENUM_CONVERSION = YES;
				CLANG_WARN_INFINITE_RECURSION = YES;
				CLANG_WARN_INT_CONVERSION = YES;
				CLANG_WARN_NON_LITERAL_NULL_CONVERSION = YES;
				CLANG_WARN_OBJC_IMPLICIT_RETAIN_SELF = YES;
				CLANG_WARN_OBJC_LITERAL_CONVERSION = YES;
				CLANG_WARN_OBJC_ROOT_CLASS = YES_ERROR;
				CLANG_WARN_QUOTED_INCLUDE_IN_FRAMEWORK_HEADER = YES;
				CLANG_WARN_RANGE_LOOP_ANALYSIS = YES;
				CLANG_WARN_STRICT_PROTOTYPES = YES;
				CLANG_WARN_SUSPICIOUS_MOVE = YES;
				CLANG_WARN_UNGUARDED_AVAILABILITY = YES_AGGRESSIVE;
				CLANG_WARN_UNREACHABLE_CODE = YES;
				CLANG_WARN__DUPLICATE_METHOD_MATCH = YES;
				COPY_PHASE_STRIP = NO;
				DEBUG_INFORMATION_FORMAT = "dwarf-with-dsym";
				ENABLE_NS_ASSERTIONS = NO;
				ENABLE_STRICT_OBJC_MSGSEND = YES;
				GCC_C_LANGUAGE_STANDARD = gnu11;
				GCC_NO_COMMON_BLOCKS = YES;
				GCC_WARN_64_TO_32_BIT_CONVERSION = YES;
				GCC_WARN_ABOUT_RETURN_TYPE = YES_ERROR;
				GCC_WARN_UNDECLARED_SELECTOR = YES;
				GCC_WARN_UNINITIALIZED_AUTOS = YES_AGGRESSIVE;
				GCC_WARN_UNUSED_FUNCTION = YES;
				GCC_WARN_UNUSED_VARIABLE = YES;
				IPHONEOS_DEPLOYMENT_TARGET = 16.2;
				MTL_ENABLE_DEBUG_INFO = NO;
				MTL_FAST_MATH = YES;
				SDKROOT = iphoneos;
				SWIFT_COMPILATION_MODE = wholemodule;
				SWIFT_OPTIMIZATION_LEVEL = "-O";
				VALIDATE_PRODUCT = YES;
			};
			name = Release;
		};
		84C51A752A3C43D30079E664 /* Debug */ = {
			isa = XCBuildConfiguration;
			buildSettings = {
				ASSETCATALOG_COMPILER_APPICON_NAME = AppIcon;
				ASSETCATALOG_COMPILER_GLOBAL_ACCENT_COLOR_NAME = AccentColor;
				CODE_SIGN_STYLE = Automatic;
				CURRENT_PROJECT_VERSION = 1;
				DEVELOPMENT_TEAM = JFAZT5D23U;
				GENERATE_INFOPLIST_FILE = YES;
				INFOPLIST_FILE = " Projects 7-9/Info.plist";
				INFOPLIST_KEY_UIApplicationSupportsIndirectInputEvents = YES;
				INFOPLIST_KEY_UILaunchStoryboardName = LaunchScreen;
				INFOPLIST_KEY_UIMainStoryboardFile = "";
				INFOPLIST_KEY_UISupportedInterfaceOrientations_iPad = "UIInterfaceOrientationPortrait UIInterfaceOrientationPortraitUpsideDown UIInterfaceOrientationLandscapeLeft UIInterfaceOrientationLandscapeRight";
				INFOPLIST_KEY_UISupportedInterfaceOrientations_iPhone = "UIInterfaceOrientationPortrait UIInterfaceOrientationLandscapeLeft UIInterfaceOrientationLandscapeRight";
				LD_RUNPATH_SEARCH_PATHS = (
					"$(inherited)",
					"@executable_path/Frameworks",
				);
				MARKETING_VERSION = 1.0;
				PRODUCT_BUNDLE_IDENTIFIER = "homeValeryLoiko.-Projects-7-9";
				PRODUCT_NAME = "$(TARGET_NAME)";
				SWIFT_EMIT_LOC_STRINGS = YES;
				SWIFT_VERSION = 5.0;
				TARGETED_DEVICE_FAMILY = "1,2";
			};
			name = Debug;
		};
		84C51A762A3C43D30079E664 /* Release */ = {
			isa = XCBuildConfiguration;
			buildSettings = {
				ASSETCATALOG_COMPILER_APPICON_NAME = AppIcon;
				ASSETCATALOG_COMPILER_GLOBAL_ACCENT_COLOR_NAME = AccentColor;
				CODE_SIGN_STYLE = Automatic;
				CURRENT_PROJECT_VERSION = 1;
				DEVELOPMENT_TEAM = JFAZT5D23U;
				GENERATE_INFOPLIST_FILE = YES;
				INFOPLIST_FILE = " Projects 7-9/Info.plist";
				INFOPLIST_KEY_UIApplicationSupportsIndirectInputEvents = YES;
				INFOPLIST_KEY_UILaunchStoryboardName = LaunchScreen;
				INFOPLIST_KEY_UIMainStoryboardFile = "";
				INFOPLIST_KEY_UISupportedInterfaceOrientations_iPad = "UIInterfaceOrientationPortrait UIInterfaceOrientationPortraitUpsideDown UIInterfaceOrientationLandscapeLeft UIInterfaceOrientationLandscapeRight";
				INFOPLIST_KEY_UISupportedInterfaceOrientations_iPhone = "UIInterfaceOrientationPortrait UIInterfaceOrientationLandscapeLeft UIInterfaceOrientationLandscapeRight";
				LD_RUNPATH_SEARCH_PATHS = (
					"$(inherited)",
					"@executable_path/Frameworks",
				);
				MARKETING_VERSION = 1.0;
				PRODUCT_BUNDLE_IDENTIFIER = "homeValeryLoiko.-Projects-7-9";
				PRODUCT_NAME = "$(TARGET_NAME)";
				SWIFT_EMIT_LOC_STRINGS = YES;
				SWIFT_VERSION = 5.0;
				TARGETED_DEVICE_FAMILY = "1,2";
			};
			name = Release;
		};
/* End XCBuildConfiguration section */

/* Begin XCConfigurationList section */
		84C51A5B2A3C43D10079E664 /* Build configuration list for PBXProject " Projects 7-9" */ = {
			isa = XCConfigurationList;
			buildConfigurations = (
				84C51A722A3C43D30079E664 /* Debug */,
				84C51A732A3C43D30079E664 /* Release */,
			);
			defaultConfigurationIsVisible = 0;
			defaultConfigurationName = Release;
		};
		84C51A742A3C43D30079E664 /* Build configuration list for PBXNativeTarget " Projects 7-9" */ = {
			isa = XCConfigurationList;
			buildConfigurations = (
				84C51A752A3C43D30079E664 /* Debug */,
				84C51A762A3C43D30079E664 /* Release */,
			);
			defaultConfigurationIsVisible = 0;
			defaultConfigurationName = Release;
		};
/* End XCConfigurationList section */

/* Begin XCRemoteSwiftPackageReference section */
		84FD41FA2A6A60E900DEB908 /* XCRemoteSwiftPackageReference "SnapKit" */ = {
			isa = XCRemoteSwiftPackageReference;
			repositoryURL = "https://github.com/SnapKit/SnapKit";
			requirement = {
				branch = develop;
				kind = branch;
			};
		};
/* End XCRemoteSwiftPackageReference section */

/* Begin XCSwiftPackageProductDependency section */
		84FD41FB2A6A60E900DEB908 /* SnapKit */ = {
			isa = XCSwiftPackageProductDependency;
			package = 84FD41FA2A6A60E900DEB908 /* XCRemoteSwiftPackageReference "SnapKit" */;
			productName = SnapKit;
		};
/* End XCSwiftPackageProductDependency section */
	};
	rootObject = 84C51A582A3C43D10079E664 /* Project object */;
}
