// !$*UTF8*$!
{
	archiveVersion = 1;
	classes = {
	};
	objectVersion = 56;
	objects = {

/* Begin PBXBuildFile section */
		8405F8FD2B4FFAED00EDF650 /* CountryInfo.swift in Sources */ = {isa = PBXBuildFile; fileRef = 8405F8FC2B4FFAED00EDF650 /* CountryInfo.swift */; };
		841B9E1D2B51604500442C0B /* DetailViewController.swift in Sources */ = {isa = PBXBuildFile; fileRef = 841B9E1C2B51604500442C0B /* DetailViewController.swift */; };
		847A011B2B486E060010A0A9 /* AppDelegate.swift in Sources */ = {isa = PBXBuildFile; fileRef = 847A011A2B486E060010A0A9 /* AppDelegate.swift */; };
		847A011D2B486E060010A0A9 /* SceneDelegate.swift in Sources */ = {isa = PBXBuildFile; fileRef = 847A011C2B486E060010A0A9 /* SceneDelegate.swift */; };
		847A011F2B486E060010A0A9 /* ViewController.swift in Sources */ = {isa = PBXBuildFile; fileRef = 847A011E2B486E060010A0A9 /* ViewController.swift */; };
		847A01222B486E060010A0A9 /* Main.storyboard in Resources */ = {isa = PBXBuildFile; fileRef = 847A01202B486E060010A0A9 /* Main.storyboard */; };
		847A01242B486E100010A0A9 /* Assets.xcassets in Resources */ = {isa = PBXBuildFile; fileRef = 847A01232B486E100010A0A9 /* Assets.xcassets */; };
		847A01272B486E100010A0A9 /* LaunchScreen.storyboard in Resources */ = {isa = PBXBuildFile; fileRef = 847A01252B486E100010A0A9 /* LaunchScreen.storyboard */; };
		84A970832B48A05F00B434EA /* CountryModel.swift in Sources */ = {isa = PBXBuildFile; fileRef = 84A970822B48A05F00B434EA /* CountryModel.swift */; };
		84AF8C9F2B487D3900602D3C /* CollectionViewCell.swift in Sources */ = {isa = PBXBuildFile; fileRef = 84AF8C9E2B487D3900602D3C /* CollectionViewCell.swift */; };
		84AF8CA22B4891AE00602D3C /* SnapKit in Frameworks */ = {isa = PBXBuildFile; productRef = 84AF8CA12B4891AE00602D3C /* SnapKit */; };
		84FED9C62B489934002C344E /* APIManager.swift in Sources */ = {isa = PBXBuildFile; fileRef = 84FED9C52B489934002C344E /* APIManager.swift */; };
/* End PBXBuildFile section */

/* Begin PBXFileReference section */
		8405F8FC2B4FFAED00EDF650 /* CountryInfo.swift */ = {isa = PBXFileReference; lastKnownFileType = sourcecode.swift; path = CountryInfo.swift; sourceTree = "<group>"; };
		841B9E1C2B51604500442C0B /* DetailViewController.swift */ = {isa = PBXFileReference; lastKnownFileType = sourcecode.swift; path = DetailViewController.swift; sourceTree = "<group>"; };
		847A01172B486E060010A0A9 /*  Projects 13-15.app */ = {isa = PBXFileReference; explicitFileType = wrapper.application; includeInIndex = 0; path = " Projects 13-15.app"; sourceTree = BUILT_PRODUCTS_DIR; };
		847A011A2B486E060010A0A9 /* AppDelegate.swift */ = {isa = PBXFileReference; lastKnownFileType = sourcecode.swift; path = AppDelegate.swift; sourceTree = "<group>"; };
		847A011C2B486E060010A0A9 /* SceneDelegate.swift */ = {isa = PBXFileReference; lastKnownFileType = sourcecode.swift; path = SceneDelegate.swift; sourceTree = "<group>"; };
		847A011E2B486E060010A0A9 /* ViewController.swift */ = {isa = PBXFileReference; lastKnownFileType = sourcecode.swift; path = ViewController.swift; sourceTree = "<group>"; };
		847A01212B486E060010A0A9 /* Base */ = {isa = PBXFileReference; lastKnownFileType = file.storyboard; name = Base; path = Base.lproj/Main.storyboard; sourceTree = "<group>"; };
		847A01232B486E100010A0A9 /* Assets.xcassets */ = {isa = PBXFileReference; lastKnownFileType = folder.assetcatalog; path = Assets.xcassets; sourceTree = "<group>"; };
		847A01262B486E100010A0A9 /* Base */ = {isa = PBXFileReference; lastKnownFileType = file.storyboard; name = Base; path = Base.lproj/LaunchScreen.storyboard; sourceTree = "<group>"; };
		847A01282B486E100010A0A9 /* Info.plist */ = {isa = PBXFileReference; lastKnownFileType = text.plist.xml; path = Info.plist; sourceTree = "<group>"; };
		84A970822B48A05F00B434EA /* CountryModel.swift */ = {isa = PBXFileReference; lastKnownFileType = sourcecode.swift; path = CountryModel.swift; sourceTree = "<group>"; };
		84AF8C9E2B487D3900602D3C /* CollectionViewCell.swift */ = {isa = PBXFileReference; lastKnownFileType = sourcecode.swift; path = CollectionViewCell.swift; sourceTree = "<group>"; };
		84FED9C52B489934002C344E /* APIManager.swift */ = {isa = PBXFileReference; lastKnownFileType = sourcecode.swift; path = APIManager.swift; sourceTree = "<group>"; };
/* End PBXFileReference section */

/* Begin PBXFrameworksBuildPhase section */
		847A01142B486E060010A0A9 /* Frameworks */ = {
			isa = PBXFrameworksBuildPhase;
			buildActionMask = 2147483647;
			files = (
				84AF8CA22B4891AE00602D3C /* SnapKit in Frameworks */,
			);
			runOnlyForDeploymentPostprocessing = 0;
		};
/* End PBXFrameworksBuildPhase section */

/* Begin PBXGroup section */
		847A010E2B486E060010A0A9 = {
			isa = PBXGroup;
			children = (
				847A01192B486E060010A0A9 /*  Projects 13-15 */,
				847A01182B486E060010A0A9 /* Products */,
			);
			sourceTree = "<group>";
		};
		847A01182B486E060010A0A9 /* Products */ = {
			isa = PBXGroup;
			children = (
				847A01172B486E060010A0A9 /*  Projects 13-15.app */,
			);
			name = Products;
			sourceTree = "<group>";
		};
		847A01192B486E060010A0A9 /*  Projects 13-15 */ = {
			isa = PBXGroup;
			children = (
				847A011A2B486E060010A0A9 /* AppDelegate.swift */,
				847A011C2B486E060010A0A9 /* SceneDelegate.swift */,
				847A011E2B486E060010A0A9 /* ViewController.swift */,
				841B9E1C2B51604500442C0B /* DetailViewController.swift */,
				84FED9C52B489934002C344E /* APIManager.swift */,
				8405F8FC2B4FFAED00EDF650 /* CountryInfo.swift */,
				84A970822B48A05F00B434EA /* CountryModel.swift */,
				84AF8C9E2B487D3900602D3C /* CollectionViewCell.swift */,
				847A01202B486E060010A0A9 /* Main.storyboard */,
				847A01232B486E100010A0A9 /* Assets.xcassets */,
				847A01252B486E100010A0A9 /* LaunchScreen.storyboard */,
				847A01282B486E100010A0A9 /* Info.plist */,
			);
			path = " Projects 13-15";
			sourceTree = "<group>";
		};
/* End PBXGroup section */

/* Begin PBXNativeTarget section */
		847A01162B486E060010A0A9 /*  Projects 13-15 */ = {
			isa = PBXNativeTarget;
			buildConfigurationList = 847A012B2B486E100010A0A9 /* Build configuration list for PBXNativeTarget " Projects 13-15" */;
			buildPhases = (
				847A01132B486E060010A0A9 /* Sources */,
				847A01142B486E060010A0A9 /* Frameworks */,
				847A01152B486E060010A0A9 /* Resources */,
			);
			buildRules = (
			);
			dependencies = (
			);
			name = " Projects 13-15";
			packageProductDependencies = (
				84AF8CA12B4891AE00602D3C /* SnapKit */,
			);
			productName = " Projects 13-15";
			productReference = 847A01172B486E060010A0A9 /*  Projects 13-15.app */;
			productType = "com.apple.product-type.application";
		};
/* End PBXNativeTarget section */

/* Begin PBXProject section */
		847A010F2B486E060010A0A9 /* Project object */ = {
			isa = PBXProject;
			attributes = {
				BuildIndependentTargetsInParallel = 1;
				LastSwiftUpdateCheck = 1420;
				LastUpgradeCheck = 1420;
				TargetAttributes = {
					847A01162B486E060010A0A9 = {
						CreatedOnToolsVersion = 14.2;
					};
				};
			};
			buildConfigurationList = 847A01122B486E060010A0A9 /* Build configuration list for PBXProject " Projects 13-15" */;
			compatibilityVersion = "Xcode 14.0";
			developmentRegion = en;
			hasScannedForEncodings = 0;
			knownRegions = (
				en,
				Base,
			);
			mainGroup = 847A010E2B486E060010A0A9;
			packageReferences = (
				84AF8CA02B4891AE00602D3C /* XCRemoteSwiftPackageReference "SnapKit" */,
			);
			productRefGroup = 847A01182B486E060010A0A9 /* Products */;
			projectDirPath = "";
			projectRoot = "";
			targets = (
				847A01162B486E060010A0A9 /*  Projects 13-15 */,
			);
		};
/* End PBXProject section */

/* Begin PBXResourcesBuildPhase section */
		847A01152B486E060010A0A9 /* Resources */ = {
			isa = PBXResourcesBuildPhase;
			buildActionMask = 2147483647;
			files = (
				847A01272B486E100010A0A9 /* LaunchScreen.storyboard in Resources */,
				847A01242B486E100010A0A9 /* Assets.xcassets in Resources */,
				847A01222B486E060010A0A9 /* Main.storyboard in Resources */,
			);
			runOnlyForDeploymentPostprocessing = 0;
		};
/* End PBXResourcesBuildPhase section */

/* Begin PBXSourcesBuildPhase section */
		847A01132B486E060010A0A9 /* Sources */ = {
			isa = PBXSourcesBuildPhase;
			buildActionMask = 2147483647;
			files = (
				8405F8FD2B4FFAED00EDF650 /* CountryInfo.swift in Sources */,
				847A011F2B486E060010A0A9 /* ViewController.swift in Sources */,
				84AF8C9F2B487D3900602D3C /* CollectionViewCell.swift in Sources */,
				84A970832B48A05F00B434EA /* CountryModel.swift in Sources */,
				84FED9C62B489934002C344E /* APIManager.swift in Sources */,
				847A011B2B486E060010A0A9 /* AppDelegate.swift in Sources */,
				847A011D2B486E060010A0A9 /* SceneDelegate.swift in Sources */,
				841B9E1D2B51604500442C0B /* DetailViewController.swift in Sources */,
			);
			runOnlyForDeploymentPostprocessing = 0;
		};
/* End PBXSourcesBuildPhase section */

/* Begin PBXVariantGroup section */
		847A01202B486E060010A0A9 /* Main.storyboard */ = {
			isa = PBXVariantGroup;
			children = (
				847A01212B486E060010A0A9 /* Base */,
			);
			name = Main.storyboard;
			sourceTree = "<group>";
		};
		847A01252B486E100010A0A9 /* LaunchScreen.storyboard */ = {
			isa = PBXVariantGroup;
			children = (
				847A01262B486E100010A0A9 /* Base */,
			);
			name = LaunchScreen.storyboard;
			sourceTree = "<group>";
		};
/* End PBXVariantGroup section */

/* Begin XCBuildConfiguration section */
		847A01292B486E100010A0A9 /* Debug */ = {
			isa = XCBuildConfiguration;
			buildSettings = {
				ALWAYS_SEARCH_USER_PATHS = NO;
				CLANG_ANALYZER_NONNULL = YES;
				CLANG_ANALYZER_NUMBER_OBJECT_CONVERSION = YES_AGGRESSIVE;
				CLANG_CXX_LANGUAGE_STANDARD = "gnu++20";
				CLANG_ENABLE_MODULES = YES;
				CLANG_ENABLE_OBJC_ARC = YES;
				CLANG_ENABLE_OBJC_WEAK = YES;
				CLANG_WARN_BLOCK_CAPTURE_AUTORELEASING = YES;
				CLANG_WARN_BOOL_CONVERSION = YES;
				CLANG_WARN_COMMA = YES;
				CLANG_WARN_CONSTANT_CONVERSION = YES;
				CLANG_WARN_DEPRECATED_OBJC_IMPLEMENTATIONS = YES;
				CLANG_WARN_DIRECT_OBJC_ISA_USAGE = YES_ERROR;
				CLANG_WARN_DOCUMENTATION_COMMENTS = YES;
				CLANG_WARN_EMPTY_BODY = YES;
				CLANG_WARN_ENUM_CONVERSION = YES;
				CLANG_WARN_INFINITE_RECURSION = YES;
				CLANG_WARN_INT_CONVERSION = YES;
				CLANG_WARN_NON_LITERAL_NULL_CONVERSION = YES;
				CLANG_WARN_OBJC_IMPLICIT_RETAIN_SELF = YES;
				CLANG_WARN_OBJC_LITERAL_CONVERSION = YES;
				CLANG_WARN_OBJC_ROOT_CLASS = YES_ERROR;
				CLANG_WARN_QUOTED_INCLUDE_IN_FRAMEWORK_HEADER = YES;
				CLANG_WARN_RANGE_LOOP_ANALYSIS = YES;
				CLANG_WARN_STRICT_PROTOTYPES = YES;
				CLANG_WARN_SUSPICIOUS_MOVE = YES;
				CLANG_WARN_UNGUARDED_AVAILABILITY = YES_AGGRESSIVE;
				CLANG_WARN_UNREACHABLE_CODE = YES;
				CLANG_WARN__DUPLICATE_METHOD_MATCH = YES;
				COPY_PHASE_STRIP = NO;
				DEBUG_INFORMATION_FORMAT = dwarf;
				ENABLE_STRICT_OBJC_MSGSEND = YES;
				ENABLE_TESTABILITY = YES;
				GCC_C_LANGUAGE_STANDARD = gnu11;
				GCC_DYNAMIC_NO_PIC = NO;
				GCC_NO_COMMON_BLOCKS = YES;
				GCC_OPTIMIZATION_LEVEL = 0;
				GCC_PREPROCESSOR_DEFINITIONS = (
					"DEBUG=1",
					"$(inherited)",
				);
				GCC_WARN_64_TO_32_BIT_CONVERSION = YES;
				GCC_WARN_ABOUT_RETURN_TYPE = YES_ERROR;
				GCC_WARN_UNDECLARED_SELECTOR = YES;
				GCC_WARN_UNINITIALIZED_AUTOS = YES_AGGRESSIVE;
				GCC_WARN_UNUSED_FUNCTION = YES;
				GCC_WARN_UNUSED_VARIABLE = YES;
				IPHONEOS_DEPLOYMENT_TARGET = 16.2;
				MTL_ENABLE_DEBUG_INFO = INCLUDE_SOURCE;
				MTL_FAST_MATH = YES;
				ONLY_ACTIVE_ARCH = YES;
				SDKROOT = iphoneos;
				SWIFT_ACTIVE_COMPILATION_CONDITIONS = DEBUG;
				SWIFT_OPTIMIZATION_LEVEL = "-Onone";
			};
			name = Debug;
		};
		847A012A2B486E100010A0A9 /* Release */ = {
			isa = XCBuildConfiguration;
			buildSettings = {
				ALWAYS_SEARCH_USER_PATHS = NO;
				CLANG_ANALYZER_NONNULL = YES;
				CLANG_ANALYZER_NUMBER_OBJECT_CONVERSION = YES_AGGRESSIVE;
				CLANG_CXX_LANGUAGE_STANDARD = "gnu++20";
				CLANG_ENABLE_MODULES = YES;
				CLANG_ENABLE_OBJC_ARC = YES;
				CLANG_ENABLE_OBJC_WEAK = YES;
				CLANG_WARN_BLOCK_CAPTURE_AUTORELEASING = YES;
				CLANG_WARN_BOOL_CONVERSION = YES;
				CLANG_WARN_COMMA = YES;
				CLANG_WARN_CONSTANT_CONVERSION = YES;
				CLANG_WARN_DEPRECATED_OBJC_IMPLEMENTATIONS = YES;
				CLANG_WARN_DIRECT_OBJC_ISA_USAGE = YES_ERROR;
				CLANG_WARN_DOCUMENTATION_COMMENTS = YES;
				CLANG_WARN_EMPTY_BODY = YES;
				CLANG_WARN_ENUM_CONVERSION = YES;
				CLANG_WARN_INFINITE_RECURSION = YES;
				CLANG_WARN_INT_CONVERSION = YES;
				CLANG_WARN_NON_LITERAL_NULL_CONVERSION = YES;
				CLANG_WARN_OBJC_IMPLICIT_RETAIN_SELF = YES;
				CLANG_WARN_OBJC_LITERAL_CONVERSION = YES;
				CLANG_WARN_OBJC_ROOT_CLASS = YES_ERROR;
				CLANG_WARN_QUOTED_INCLUDE_IN_FRAMEWORK_HEADER = YES;
				CLANG_WARN_RANGE_LOOP_ANALYSIS = YES;
				CLANG_WARN_STRICT_PROTOTYPES = YES;
				CLANG_WARN_SUSPICIOUS_MOVE = YES;
				CLANG_WARN_UNGUARDED_AVAILABILITY = YES_AGGRESSIVE;
				CLANG_WARN_UNREACHABLE_CODE = YES;
				CLANG_WARN__DUPLICATE_METHOD_MATCH = YES;
				COPY_PHASE_STRIP = NO;
				DEBUG_INFORMATION_FORMAT = "dwarf-with-dsym";
				ENABLE_NS_ASSERTIONS = NO;
				ENABLE_STRICT_OBJC_MSGSEND = YES;
				GCC_C_LANGUAGE_STANDARD = gnu11;
				GCC_NO_COMMON_BLOCKS = YES;
				GCC_WARN_64_TO_32_BIT_CONVERSION = YES;
				GCC_WARN_ABOUT_RETURN_TYPE = YES_ERROR;
				GCC_WARN_UNDECLARED_SELECTOR = YES;
				GCC_WARN_UNINITIALIZED_AUTOS = YES_AGGRESSIVE;
				GCC_WARN_UNUSED_FUNCTION = YES;
				GCC_WARN_UNUSED_VARIABLE = YES;
				IPHONEOS_DEPLOYMENT_TARGET = 16.2;
				MTL_ENABLE_DEBUG_INFO = NO;
				MTL_FAST_MATH = YES;
				SDKROOT = iphoneos;
				SWIFT_COMPILATION_MODE = wholemodule;
				SWIFT_OPTIMIZATION_LEVEL = "-O";
				VALIDATE_PRODUCT = YES;
			};
			name = Release;
		};
		847A012C2B486E100010A0A9 /* Debug */ = {
			isa = XCBuildConfiguration;
			buildSettings = {
				ASSETCATALOG_COMPILER_APPICON_NAME = AppIcon;
				ASSETCATALOG_COMPILER_GLOBAL_ACCENT_COLOR_NAME = AccentColor;
				CODE_SIGN_STYLE = Automatic;
				CURRENT_PROJECT_VERSION = 1;
				DEVELOPMENT_TEAM = JFAZT5D23U;
				GENERATE_INFOPLIST_FILE = YES;
				INFOPLIST_FILE = " Projects 13-15/Info.plist";
				INFOPLIST_KEY_UIApplicationSupportsIndirectInputEvents = YES;
				INFOPLIST_KEY_UILaunchStoryboardName = LaunchScreen;
				INFOPLIST_KEY_UIMainStoryboardFile = Main;
				INFOPLIST_KEY_UISupportedInterfaceOrientations_iPad = "UIInterfaceOrientationPortrait UIInterfaceOrientationPortraitUpsideDown UIInterfaceOrientationLandscapeLeft UIInterfaceOrientationLandscapeRight";
				INFOPLIST_KEY_UISupportedInterfaceOrientations_iPhone = "UIInterfaceOrientationPortrait UIInterfaceOrientationLandscapeLeft UIInterfaceOrientationLandscapeRight";
				LD_RUNPATH_SEARCH_PATHS = (
					"$(inherited)",
					"@executable_path/Frameworks",
				);
				MARKETING_VERSION = 1.0;
				PRODUCT_BUNDLE_IDENTIFIER = "ValeryLoiko.-Projects-13-15";
				PRODUCT_NAME = "$(TARGET_NAME)";
				SWIFT_EMIT_LOC_STRINGS = YES;
				SWIFT_VERSION = 5.0;
				TARGETED_DEVICE_FAMILY = "1,2";
			};
			name = Debug;
		};
		847A012D2B486E100010A0A9 /* Release */ = {
			isa = XCBuildConfiguration;
			buildSettings = {
				ASSETCATALOG_COMPILER_APPICON_NAME = AppIcon;
				ASSETCATALOG_COMPILER_GLOBAL_ACCENT_COLOR_NAME = AccentColor;
				CODE_SIGN_STYLE = Automatic;
				CURRENT_PROJECT_VERSION = 1;
				DEVELOPMENT_TEAM = JFAZT5D23U;
				GENERATE_INFOPLIST_FILE = YES;
				INFOPLIST_FILE = " Projects 13-15/Info.plist";
				INFOPLIST_KEY_UIApplicationSupportsIndirectInputEvents = YES;
				INFOPLIST_KEY_UILaunchStoryboardName = LaunchScreen;
				INFOPLIST_KEY_UIMainStoryboardFile = Main;
				INFOPLIST_KEY_UISupportedInterfaceOrientations_iPad = "UIInterfaceOrientationPortrait UIInterfaceOrientationPortraitUpsideDown UIInterfaceOrientationLandscapeLeft UIInterfaceOrientationLandscapeRight";
				INFOPLIST_KEY_UISupportedInterfaceOrientations_iPhone = "UIInterfaceOrientationPortrait UIInterfaceOrientationLandscapeLeft UIInterfaceOrientationLandscapeRight";
				LD_RUNPATH_SEARCH_PATHS = (
					"$(inherited)",
					"@executable_path/Frameworks",
				);
				MARKETING_VERSION = 1.0;
				PRODUCT_BUNDLE_IDENTIFIER = "ValeryLoiko.-Projects-13-15";
				PRODUCT_NAME = "$(TARGET_NAME)";
				SWIFT_EMIT_LOC_STRINGS = YES;
				SWIFT_VERSION = 5.0;
				TARGETED_DEVICE_FAMILY = "1,2";
			};
			name = Release;
		};
/* End XCBuildConfiguration section */

/* Begin XCConfigurationList section */
		847A01122B486E060010A0A9 /* Build configuration list for PBXProject " Projects 13-15" */ = {
			isa = XCConfigurationList;
			buildConfigurations = (
				847A01292B486E100010A0A9 /* Debug */,
				847A012A2B486E100010A0A9 /* Release */,
			);
			defaultConfigurationIsVisible = 0;
			defaultConfigurationName = Release;
		};
		847A012B2B486E100010A0A9 /* Build configuration list for PBXNativeTarget " Projects 13-15" */ = {
			isa = XCConfigurationList;
			buildConfigurations = (
				847A012C2B486E100010A0A9 /* Debug */,
				847A012D2B486E100010A0A9 /* Release */,
			);
			defaultConfigurationIsVisible = 0;
			defaultConfigurationName = Release;
		};
/* End XCConfigurationList section */

/* Begin XCRemoteSwiftPackageReference section */
		84AF8CA02B4891AE00602D3C /* XCRemoteSwiftPackageReference "SnapKit" */ = {
			isa = XCRemoteSwiftPackageReference;
			repositoryURL = "https://github.com/SnapKit/SnapKit";
			requirement = {
				kind = versionRange;
				maximumVersion = 6.0.0;
				minimumVersion = 5.0.0;
			};
		};
/* End XCRemoteSwiftPackageReference section */

/* Begin XCSwiftPackageProductDependency section */
		84AF8CA12B4891AE00602D3C /* SnapKit */ = {
			isa = XCSwiftPackageProductDependency;
			package = 84AF8CA02B4891AE00602D3C /* XCRemoteSwiftPackageReference "SnapKit" */;
			productName = SnapKit;
		};
/* End XCSwiftPackageProductDependency section */
	};
	rootObject = 847A010F2B486E060010A0A9 /* Project object */;
}
