// !$*UTF8*$!
{
	archiveVersion = 1;
	classes = {
	};
	objectVersion = 56;
	objects = {

/* Begin PBXBuildFile section */
		84156DBE2A8CE42F00F83101 /* Helpers.swift in Sources */ = {isa = PBXBuildFile; fileRef = 84156DBD2A8CE42F00F83101 /* Helpers.swift */; };
		845CB4792A8C179100CBC313 /* DetailViewController.swift in Sources */ = {isa = PBXBuildFile; fileRef = 845CB4782A8C179100CBC313 /* DetailViewController.swift */; };
		847DE6972A86492A003F9944 /* AppDelegate.swift in Sources */ = {isa = PBXBuildFile; fileRef = 847DE6962A86492A003F9944 /* AppDelegate.swift */; };
		847DE6992A86492A003F9944 /* SceneDelegate.swift in Sources */ = {isa = PBXBuildFile; fileRef = 847DE6982A86492A003F9944 /* SceneDelegate.swift */; };
		847DE69B2A86492A003F9944 /* ViewController.swift in Sources */ = {isa = PBXBuildFile; fileRef = 847DE69A2A86492A003F9944 /* ViewController.swift */; };
		847DE6A02A86492D003F9944 /* Assets.xcassets in Resources */ = {isa = PBXBuildFile; fileRef = 847DE69F2A86492D003F9944 /* Assets.xcassets */; };
		847DE6A32A86492D003F9944 /* LaunchScreen.storyboard in Resources */ = {isa = PBXBuildFile; fileRef = 847DE6A12A86492D003F9944 /* LaunchScreen.storyboard */; };
		847DE6AB2A880C91003F9944 /* TableViewCell.swift in Sources */ = {isa = PBXBuildFile; fileRef = 847DE6AA2A880C91003F9944 /* TableViewCell.swift */; };
		847DE6AE2A8B698E003F9944 /* SnapKit in Frameworks */ = {isa = PBXBuildFile; productRef = 847DE6AD2A8B698E003F9944 /* SnapKit */; };
		847DE6B02A8BAC07003F9944 /* Picture.swift in Sources */ = {isa = PBXBuildFile; fileRef = 847DE6AF2A8BAC07003F9944 /* Picture.swift */; };
/* End PBXBuildFile section */

/* Begin PBXFileReference section */
		84156DBD2A8CE42F00F83101 /* Helpers.swift */ = {isa = PBXFileReference; lastKnownFileType = sourcecode.swift; path = Helpers.swift; sourceTree = "<group>"; };
		845CB4782A8C179100CBC313 /* DetailViewController.swift */ = {isa = PBXFileReference; lastKnownFileType = sourcecode.swift; path = DetailViewController.swift; sourceTree = "<group>"; };
		847DE6932A86492A003F9944 /* Milestone 10-12.app */ = {isa = PBXFileReference; explicitFileType = wrapper.application; includeInIndex = 0; path = "Milestone 10-12.app"; sourceTree = BUILT_PRODUCTS_DIR; };
		847DE6962A86492A003F9944 /* AppDelegate.swift */ = {isa = PBXFileReference; lastKnownFileType = sourcecode.swift; path = AppDelegate.swift; sourceTree = "<group>"; };
		847DE6982A86492A003F9944 /* SceneDelegate.swift */ = {isa = PBXFileReference; lastKnownFileType = sourcecode.swift; path = SceneDelegate.swift; sourceTree = "<group>"; };
		847DE69A2A86492A003F9944 /* ViewController.swift */ = {isa = PBXFileReference; lastKnownFileType = sourcecode.swift; path = ViewController.swift; sourceTree = "<group>"; };
		847DE69F2A86492D003F9944 /* Assets.xcassets */ = {isa = PBXFileReference; lastKnownFileType = folder.assetcatalog; path = Assets.xcassets; sourceTree = "<group>"; };
		847DE6A22A86492D003F9944 /* Base */ = {isa = PBXFileReference; lastKnownFileType = file.storyboard; name = Base; path = Base.lproj/LaunchScreen.storyboard; sourceTree = "<group>"; };
		847DE6A42A86492D003F9944 /* Info.plist */ = {isa = PBXFileReference; lastKnownFileType = text.plist.xml; path = Info.plist; sourceTree = "<group>"; };
		847DE6AA2A880C91003F9944 /* TableViewCell.swift */ = {isa = PBXFileReference; lastKnownFileType = sourcecode.swift; path = TableViewCell.swift; sourceTree = "<group>"; };
		847DE6AF2A8BAC07003F9944 /* Picture.swift */ = {isa = PBXFileReference; lastKnownFileType = sourcecode.swift; path = Picture.swift; sourceTree = "<group>"; };
/* End PBXFileReference section */

/* Begin PBXFrameworksBuildPhase section */
		847DE6902A86492A003F9944 /* Frameworks */ = {
			isa = PBXFrameworksBuildPhase;
			buildActionMask = 2147483647;
			files = (
				847DE6AE2A8B698E003F9944 /* SnapKit in Frameworks */,
			);
			runOnlyForDeploymentPostprocessing = 0;
		};
/* End PBXFrameworksBuildPhase section */

/* Begin PBXGroup section */
		847DE68A2A86492A003F9944 = {
			isa = PBXGroup;
			children = (
				847DE6952A86492A003F9944 /* Milestone 10-12 */,
				847DE6942A86492A003F9944 /* Products */,
			);
			sourceTree = "<group>";
		};
		847DE6942A86492A003F9944 /* Products */ = {
			isa = PBXGroup;
			children = (
				847DE6932A86492A003F9944 /* Milestone 10-12.app */,
			);
			name = Products;
			sourceTree = "<group>";
		};
		847DE6952A86492A003F9944 /* Milestone 10-12 */ = {
			isa = PBXGroup;
			children = (
				847DE6962A86492A003F9944 /* AppDelegate.swift */,
				847DE6982A86492A003F9944 /* SceneDelegate.swift */,
				847DE69A2A86492A003F9944 /* ViewController.swift */,
				845CB4782A8C179100CBC313 /* DetailViewController.swift */,
				84156DBD2A8CE42F00F83101 /* Helpers.swift */,
				847DE6AF2A8BAC07003F9944 /* Picture.swift */,
				847DE6AA2A880C91003F9944 /* TableViewCell.swift */,
				847DE69F2A86492D003F9944 /* Assets.xcassets */,
				847DE6A12A86492D003F9944 /* LaunchScreen.storyboard */,
				847DE6A42A86492D003F9944 /* Info.plist */,
			);
			path = "Milestone 10-12";
			sourceTree = "<group>";
		};
/* End PBXGroup section */

/* Begin PBXNativeTarget section */
		847DE6922A86492A003F9944 /* Milestone 10-12 */ = {
			isa = PBXNativeTarget;
			buildConfigurationList = 847DE6A72A86492D003F9944 /* Build configuration list for PBXNativeTarget "Milestone 10-12" */;
			buildPhases = (
				847DE68F2A86492A003F9944 /* Sources */,
				847DE6902A86492A003F9944 /* Frameworks */,
				847DE6912A86492A003F9944 /* Resources */,
			);
			buildRules = (
			);
			dependencies = (
			);
			name = "Milestone 10-12";
			packageProductDependencies = (
				847DE6AD2A8B698E003F9944 /* SnapKit */,
			);
			productName = "Milestone 10-12";
			productReference = 847DE6932A86492A003F9944 /* Milestone 10-12.app */;
			productType = "com.apple.product-type.application";
		};
/* End PBXNativeTarget section */

/* Begin PBXProject section */
		847DE68B2A86492A003F9944 /* Project object */ = {
			isa = PBXProject;
			attributes = {
				BuildIndependentTargetsInParallel = 1;
				LastSwiftUpdateCheck = 1420;
				LastUpgradeCheck = 1420;
				TargetAttributes = {
					847DE6922A86492A003F9944 = {
						CreatedOnToolsVersion = 14.2;
					};
				};
			};
			buildConfigurationList = 847DE68E2A86492A003F9944 /* Build configuration list for PBXProject "Milestone 10-12" */;
			compatibilityVersion = "Xcode 14.0";
			developmentRegion = en;
			hasScannedForEncodings = 0;
			knownRegions = (
				en,
				Base,
			);
			mainGroup = 847DE68A2A86492A003F9944;
			packageReferences = (
				847DE6AC2A8B698E003F9944 /* XCRemoteSwiftPackageReference "SnapKit" */,
			);
			productRefGroup = 847DE6942A86492A003F9944 /* Products */;
			projectDirPath = "";
			projectRoot = "";
			targets = (
				847DE6922A86492A003F9944 /* Milestone 10-12 */,
			);
		};
/* End PBXProject section */

/* Begin PBXResourcesBuildPhase section */
		847DE6912A86492A003F9944 /* Resources */ = {
			isa = PBXResourcesBuildPhase;
			buildActionMask = 2147483647;
			files = (
				847DE6A32A86492D003F9944 /* LaunchScreen.storyboard in Resources */,
				847DE6A02A86492D003F9944 /* Assets.xcassets in Resources */,
			);
			runOnlyForDeploymentPostprocessing = 0;
		};
/* End PBXResourcesBuildPhase section */

/* Begin PBXSourcesBuildPhase section */
		847DE68F2A86492A003F9944 /* Sources */ = {
			isa = PBXSourcesBuildPhase;
			buildActionMask = 2147483647;
			files = (
				847DE69B2A86492A003F9944 /* ViewController.swift in Sources */,
				84156DBE2A8CE42F00F83101 /* Helpers.swift in Sources */,
				847DE6B02A8BAC07003F9944 /* Picture.swift in Sources */,
				847DE6AB2A880C91003F9944 /* TableViewCell.swift in Sources */,
				845CB4792A8C179100CBC313 /* DetailViewController.swift in Sources */,
				847DE6972A86492A003F9944 /* AppDelegate.swift in Sources */,
				847DE6992A86492A003F9944 /* SceneDelegate.swift in Sources */,
			);
			runOnlyForDeploymentPostprocessing = 0;
		};
/* End PBXSourcesBuildPhase section */

/* Begin PBXVariantGroup section */
		847DE6A12A86492D003F9944 /* LaunchScreen.storyboard */ = {
			isa = PBXVariantGroup;
			children = (
				847DE6A22A86492D003F9944 /* Base */,
			);
			name = LaunchScreen.storyboard;
			sourceTree = "<group>";
		};
/* End PBXVariantGroup section */

/* Begin XCBuildConfiguration section */
		847DE6A52A86492D003F9944 /* Debug */ = {
			isa = XCBuildConfiguration;
			buildSettings = {
				ALWAYS_SEARCH_USER_PATHS = NO;
				CLANG_ANALYZER_NONNULL = YES;
				CLANG_ANALYZER_NUMBER_OBJECT_CONVERSION = YES_AGGRESSIVE;
				CLANG_CXX_LANGUAGE_STANDARD = "gnu++20";
				CLANG_ENABLE_MODULES = YES;
				CLANG_ENABLE_OBJC_ARC = YES;
				CLANG_ENABLE_OBJC_WEAK = YES;
				CLANG_WARN_BLOCK_CAPTURE_AUTORELEASING = YES;
				CLANG_WARN_BOOL_CONVERSION = YES;
				CLANG_WARN_COMMA = YES;
				CLANG_WARN_CONSTANT_CONVERSION = YES;
				CLANG_WARN_DEPRECATED_OBJC_IMPLEMENTATIONS = YES;
				CLANG_WARN_DIRECT_OBJC_ISA_USAGE = YES_ERROR;
				CLANG_WARN_DOCUMENTATION_COMMENTS = YES;
				CLANG_WARN_EMPTY_BODY = YES;
				CLANG_WARN_ENUM_CONVERSION = YES;
				CLANG_WARN_INFINITE_RECURSION = YES;
				CLANG_WARN_INT_CONVERSION = YES;
				CLANG_WARN_NON_LITERAL_NULL_CONVERSION = YES;
				CLANG_WARN_OBJC_IMPLICIT_RETAIN_SELF = YES;
				CLANG_WARN_OBJC_LITERAL_CONVERSION = YES;
				CLANG_WARN_OBJC_ROOT_CLASS = YES_ERROR;
				CLANG_WARN_QUOTED_INCLUDE_IN_FRAMEWORK_HEADER = YES;
				CLANG_WARN_RANGE_LOOP_ANALYSIS = YES;
				CLANG_WARN_STRICT_PROTOTYPES = YES;
				CLANG_WARN_SUSPICIOUS_MOVE = YES;
				CLANG_WARN_UNGUARDED_AVAILABILITY = YES_AGGRESSIVE;
				CLANG_WARN_UNREACHABLE_CODE = YES;
				CLANG_WARN__DUPLICATE_METHOD_MATCH = YES;
				COPY_PHASE_STRIP = NO;
				DEBUG_INFORMATION_FORMAT = dwarf;
				ENABLE_STRICT_OBJC_MSGSEND = YES;
				ENABLE_TESTABILITY = YES;
				GCC_C_LANGUAGE_STANDARD = gnu11;
				GCC_DYNAMIC_NO_PIC = NO;
				GCC_NO_COMMON_BLOCKS = YES;
				GCC_OPTIMIZATION_LEVEL = 0;
				GCC_PREPROCESSOR_DEFINITIONS = (
					"DEBUG=1",
					"$(inherited)",
				);
				GCC_WARN_64_TO_32_BIT_CONVERSION = YES;
				GCC_WARN_ABOUT_RETURN_TYPE = YES_ERROR;
				GCC_WARN_UNDECLARED_SELECTOR = YES;
				GCC_WARN_UNINITIALIZED_AUTOS = YES_AGGRESSIVE;
				GCC_WARN_UNUSED_FUNCTION = YES;
				GCC_WARN_UNUSED_VARIABLE = YES;
				IPHONEOS_DEPLOYMENT_TARGET = 16.2;
				MTL_ENABLE_DEBUG_INFO = INCLUDE_SOURCE;
				MTL_FAST_MATH = YES;
				ONLY_ACTIVE_ARCH = YES;
				SDKROOT = iphoneos;
				SWIFT_ACTIVE_COMPILATION_CONDITIONS = DEBUG;
				SWIFT_OPTIMIZATION_LEVEL = "-Onone";
			};
			name = Debug;
		};
		847DE6A62A86492D003F9944 /* Release */ = {
			isa = XCBuildConfiguration;
			buildSettings = {
				ALWAYS_SEARCH_USER_PATHS = NO;
				CLANG_ANALYZER_NONNULL = YES;
				CLANG_ANALYZER_NUMBER_OBJECT_CONVERSION = YES_AGGRESSIVE;
				CLANG_CXX_LANGUAGE_STANDARD = "gnu++20";
				CLANG_ENABLE_MODULES = YES;
				CLANG_ENABLE_OBJC_ARC = YES;
				CLANG_ENABLE_OBJC_WEAK = YES;
				CLANG_WARN_BLOCK_CAPTURE_AUTORELEASING = YES;
				CLANG_WARN_BOOL_CONVERSION = YES;
				CLANG_WARN_COMMA = YES;
				CLANG_WARN_CONSTANT_CONVERSION = YES;
				CLANG_WARN_DEPRECATED_OBJC_IMPLEMENTATIONS = YES;
				CLANG_WARN_DIRECT_OBJC_ISA_USAGE = YES_ERROR;
				CLANG_WARN_DOCUMENTATION_COMMENTS = YES;
				CLANG_WARN_EMPTY_BODY = YES;
				CLANG_WARN_ENUM_CONVERSION = YES;
				CLANG_WARN_INFINITE_RECURSION = YES;
				CLANG_WARN_INT_CONVERSION = YES;
				CLANG_WARN_NON_LITERAL_NULL_CONVERSION = YES;
				CLANG_WARN_OBJC_IMPLICIT_RETAIN_SELF = YES;
				CLANG_WARN_OBJC_LITERAL_CONVERSION = YES;
				CLANG_WARN_OBJC_ROOT_CLASS = YES_ERROR;
				CLANG_WARN_QUOTED_INCLUDE_IN_FRAMEWORK_HEADER = YES;
				CLANG_WARN_RANGE_LOOP_ANALYSIS = YES;
				CLANG_WARN_STRICT_PROTOTYPES = YES;
				CLANG_WARN_SUSPICIOUS_MOVE = YES;
				CLANG_WARN_UNGUARDED_AVAILABILITY = YES_AGGRESSIVE;
				CLANG_WARN_UNREACHABLE_CODE = YES;
				CLANG_WARN__DUPLICATE_METHOD_MATCH = YES;
				COPY_PHASE_STRIP = NO;
				DEBUG_INFORMATION_FORMAT = "dwarf-with-dsym";
				ENABLE_NS_ASSERTIONS = NO;
				ENABLE_STRICT_OBJC_MSGSEND = YES;
				GCC_C_LANGUAGE_STANDARD = gnu11;
				GCC_NO_COMMON_BLOCKS = YES;
				GCC_WARN_64_TO_32_BIT_CONVERSION = YES;
				GCC_WARN_ABOUT_RETURN_TYPE = YES_ERROR;
				GCC_WARN_UNDECLARED_SELECTOR = YES;
				GCC_WARN_UNINITIALIZED_AUTOS = YES_AGGRESSIVE;
				GCC_WARN_UNUSED_FUNCTION = YES;
				GCC_WARN_UNUSED_VARIABLE = YES;
				IPHONEOS_DEPLOYMENT_TARGET = 16.2;
				MTL_ENABLE_DEBUG_INFO = NO;
				MTL_FAST_MATH = YES;
				SDKROOT = iphoneos;
				SWIFT_COMPILATION_MODE = wholemodule;
				SWIFT_OPTIMIZATION_LEVEL = "-O";
				VALIDATE_PRODUCT = YES;
			};
			name = Release;
		};
		847DE6A82A86492D003F9944 /* Debug */ = {
			isa = XCBuildConfiguration;
			buildSettings = {
				ASSETCATALOG_COMPILER_APPICON_NAME = AppIcon;
				ASSETCATALOG_COMPILER_GLOBAL_ACCENT_COLOR_NAME = AccentColor;
				CODE_SIGN_STYLE = Automatic;
				CURRENT_PROJECT_VERSION = 1;
				DEVELOPMENT_TEAM = JFAZT5D23U;
				GENERATE_INFOPLIST_FILE = YES;
				INFOPLIST_FILE = "Milestone 10-12/Info.plist";
				INFOPLIST_KEY_UIApplicationSupportsIndirectInputEvents = YES;
				INFOPLIST_KEY_UILaunchStoryboardName = LaunchScreen;
				INFOPLIST_KEY_UIMainStoryboardFile = "";
				INFOPLIST_KEY_UISupportedInterfaceOrientations_iPad = "UIInterfaceOrientationPortrait UIInterfaceOrientationPortraitUpsideDown UIInterfaceOrientationLandscapeLeft UIInterfaceOrientationLandscapeRight";
				INFOPLIST_KEY_UISupportedInterfaceOrientations_iPhone = "UIInterfaceOrientationPortrait UIInterfaceOrientationLandscapeLeft UIInterfaceOrientationLandscapeRight";
				LD_RUNPATH_SEARCH_PATHS = (
					"$(inherited)",
					"@executable_path/Frameworks",
				);
				MARKETING_VERSION = 1.0;
				PRODUCT_BUNDLE_IDENTIFIER = "ValeryLoiko.Milestone-10-12";
				PRODUCT_NAME = "$(TARGET_NAME)";
				SWIFT_EMIT_LOC_STRINGS = YES;
				SWIFT_VERSION = 5.0;
				TARGETED_DEVICE_FAMILY = "1,2";
			};
			name = Debug;
		};
		847DE6A92A86492D003F9944 /* Release */ = {
			isa = XCBuildConfiguration;
			buildSettings = {
				ASSETCATALOG_COMPILER_APPICON_NAME = AppIcon;
				ASSETCATALOG_COMPILER_GLOBAL_ACCENT_COLOR_NAME = AccentColor;
				CODE_SIGN_STYLE = Automatic;
				CURRENT_PROJECT_VERSION = 1;
				DEVELOPMENT_TEAM = JFAZT5D23U;
				GENERATE_INFOPLIST_FILE = YES;
				INFOPLIST_FILE = "Milestone 10-12/Info.plist";
				INFOPLIST_KEY_UIApplicationSupportsIndirectInputEvents = YES;
				INFOPLIST_KEY_UILaunchStoryboardName = LaunchScreen;
				INFOPLIST_KEY_UIMainStoryboardFile = "";
				INFOPLIST_KEY_UISupportedInterfaceOrientations_iPad = "UIInterfaceOrientationPortrait UIInterfaceOrientationPortraitUpsideDown UIInterfaceOrientationLandscapeLeft UIInterfaceOrientationLandscapeRight";
				INFOPLIST_KEY_UISupportedInterfaceOrientations_iPhone = "UIInterfaceOrientationPortrait UIInterfaceOrientationLandscapeLeft UIInterfaceOrientationLandscapeRight";
				LD_RUNPATH_SEARCH_PATHS = (
					"$(inherited)",
					"@executable_path/Frameworks",
				);
				MARKETING_VERSION = 1.0;
				PRODUCT_BUNDLE_IDENTIFIER = "ValeryLoiko.Milestone-10-12";
				PRODUCT_NAME = "$(TARGET_NAME)";
				SWIFT_EMIT_LOC_STRINGS = YES;
				SWIFT_VERSION = 5.0;
				TARGETED_DEVICE_FAMILY = "1,2";
			};
			name = Release;
		};
/* End XCBuildConfiguration section */

/* Begin XCConfigurationList section */
		847DE68E2A86492A003F9944 /* Build configuration list for PBXProject "Milestone 10-12" */ = {
			isa = XCConfigurationList;
			buildConfigurations = (
				847DE6A52A86492D003F9944 /* Debug */,
				847DE6A62A86492D003F9944 /* Release */,
			);
			defaultConfigurationIsVisible = 0;
			defaultConfigurationName = Release;
		};
		847DE6A72A86492D003F9944 /* Build configuration list for PBXNativeTarget "Milestone 10-12" */ = {
			isa = XCConfigurationList;
			buildConfigurations = (
				847DE6A82A86492D003F9944 /* Debug */,
				847DE6A92A86492D003F9944 /* Release */,
			);
			defaultConfigurationIsVisible = 0;
			defaultConfigurationName = Release;
		};
/* End XCConfigurationList section */

/* Begin XCRemoteSwiftPackageReference section */
		847DE6AC2A8B698E003F9944 /* XCRemoteSwiftPackageReference "SnapKit" */ = {
			isa = XCRemoteSwiftPackageReference;
			repositoryURL = "https://github.com/SnapKit/SnapKit";
			requirement = {
				kind = upToNextMajorVersion;
				minimumVersion = 5.0.0;
			};
		};
/* End XCRemoteSwiftPackageReference section */

/* Begin XCSwiftPackageProductDependency section */
		847DE6AD2A8B698E003F9944 /* SnapKit */ = {
			isa = XCSwiftPackageProductDependency;
			package = 847DE6AC2A8B698E003F9944 /* XCRemoteSwiftPackageReference "SnapKit" */;
			productName = SnapKit;
		};
/* End XCSwiftPackageProductDependency section */
	};
	rootObject = 847DE68B2A86492A003F9944 /* Project object */;
}
